// !$*UTF8*$!
{
	archiveVersion = 1;
	classes = {
	};
	objectVersion = 46;
	objects = {

/* Begin PBXBuildFile section */
		1A31C651140E679B006D9BAE /* main.c in Sources */ = {isa = PBXBuildFile; fileRef = 1A31C650140E679B006D9BAE /* main.c */; };
		1A31C653140E679B006D9BAE /* ActivityServer.1 in CopyFiles */ = {isa = PBXBuildFile; fileRef = 1A31C652140E679B006D9BAE /* ActivityServer.1 */; };
/* End PBXBuildFile section */

/* Begin PBXCopyFilesBuildPhase section */
		1A31C64A140E679B006D9BAE /* CopyFiles */ = {
			isa = PBXCopyFilesBuildPhase;
			buildActionMask = 2147483647;
			dstPath = /usr/share/man/man1/;
			dstSubfolderSpec = 0;
			files = (
				1A31C653140E679B006D9BAE /* ActivityServer.1 in CopyFiles */,
			);
			runOnlyForDeploymentPostprocessing = 1;
		};
/* End PBXCopyFilesBuildPhase section */

/* Begin PBXFileReference section */
		1A31C64C140E679B006D9BAE /* ActivityServer */ = {isa = PBXFileReference; explicitFileType = "compiled.mach-o.executable"; includeInIndex = 0; path = ActivityServer; sourceTree = BUILT_PRODUCTS_DIR; };
		1A31C650140E679B006D9BAE /* main.c */ = {isa = PBXFileReference; lastKnownFileType = sourcecode.c.c; path = main.c; sourceTree = "<group>"; };
		1A31C652140E679B006D9BAE /* ActivityServer.1 */ = {isa = PBXFileReference; lastKnownFileType = text.man; path = ActivityServer.1; sourceTree = "<group>"; };
/* End PBXFileReference section */

/* Begin PBXFrameworksBuildPhase section */
		1A31C649140E679B006D9BAE /* Frameworks */ = {
			isa = PBXFrameworksBuildPhase;
			buildActionMask = 2147483647;
			files = (
			);
			runOnlyForDeploymentPostprocessing = 0;
		};
/* End PBXFrameworksBuildPhase section */

/* Begin PBXGroup section */
		1A31C641140E679B006D9BAE = {
			isa = PBXGroup;
			children = (
				1A31C64F140E679B006D9BAE /* ActivityServer */,
				1A31C64D140E679B006D9BAE /* Products */,
			);
			sourceTree = "<group>";
		};
		1A31C64D140E679B006D9BAE /* Products */ = {
			isa = PBXGroup;
			children = (
				1A31C64C140E679B006D9BAE /* ActivityServer */,
			);
			name = Products;
			sourceTree = "<group>";
		};
		1A31C64F140E679B006D9BAE /* ActivityServer */ = {
			isa = PBXGroup;
			children = (
				1A31C650140E679B006D9BAE /* main.c */,
				1A31C652140E679B006D9BAE /* ActivityServer.1 */,
			);
			path = ActivityServer;
			sourceTree = "<group>";
		};
/* End PBXGroup section */

/* Begin PBXNativeTarget section */
		1A31C64B140E679B006D9BAE /* ActivityServer */ = {
			isa = PBXNativeTarget;
			buildConfigurationList = 1A31C656140E679B006D9BAE /* Build configuration list for PBXNativeTarget "ActivityServer" */;
			buildPhases = (
				1A31C648140E679B006D9BAE /* Sources */,
				1A31C649140E679B006D9BAE /* Frameworks */,
				1A31C64A140E679B006D9BAE /* CopyFiles */,
			);
			buildRules = (
			);
			dependencies = (
			);
			name = ActivityServer;
			productName = ActivityServer;
			productReference = 1A31C64C140E679B006D9BAE /* ActivityServer */;
			productType = "com.apple.product-type.tool";
		};
/* End PBXNativeTarget section */

/* Begin PBXProject section */
		1A31C643140E679B006D9BAE /* Project object */ = {
			isa = PBXProject;
			buildConfigurationList = 1A31C646140E679B006D9BAE /* Build configuration list for PBXProject "ActivityServer" */;
			compatibilityVersion = "Xcode 3.2";
			developmentRegion = English;
			hasScannedForEncodings = 0;
			knownRegions = (
				en,
			);
			mainGroup = 1A31C641140E679B006D9BAE;
			productRefGroup = 1A31C64D140E679B006D9BAE /* Products */;
			projectDirPath = "";
			projectRoot = "";
			targets = (
				1A31C64B140E679B006D9BAE /* ActivityServer */,
			);
		};
/* End PBXProject section */

/* Begin PBXSourcesBuildPhase section */
		1A31C648140E679B006D9BAE /* Sources */ = {
			isa = PBXSourcesBuildPhase;
			buildActionMask = 2147483647;
			files = (
				1A31C651140E679B006D9BAE /* main.c in Sources */,
			);
			runOnlyForDeploymentPostprocessing = 0;
		};
/* End PBXSourcesBuildPhase section */

/* Begin XCBuildConfiguration section */
		1A31C654140E679B006D9BAE /* Debug */ = {
			isa = XCBuildConfiguration;
			buildSettings = {
				ALWAYS_SEARCH_USER_PATHS = NO;
				ARCHS = "$(ARCHS_STANDARD_64_BIT)";
				COPY_PHASE_STRIP = NO;
				GCC_C_LANGUAGE_STANDARD = gnu99;
				GCC_DYNAMIC_NO_PIC = NO;
				GCC_ENABLE_OBJC_EXCEPTIONS = YES;
				GCC_OPTIMIZATION_LEVEL = 0;
				GCC_PREPROCESSOR_DEFINITIONS = (
					"DEBUG=1",
					"$(inherited)",
				);
				GCC_SYMBOLS_PRIVATE_EXTERN = NO;
				GCC_VERSION = com.apple.compilers.llvm.clang.1_0;
				GCC_WARN_64_TO_32_BIT_CONVERSION = YES;
				GCC_WARN_ABOUT_MISSING_PROTOTYPES = YES;
				GCC_WARN_ABOUT_RETURN_TYPE = YES;
				GCC_WARN_UNUSED_VARIABLE = YES;
				MACOSX_DEPLOYMENT_TARGET = 10.7;
				ONLY_ACTIVE_ARCH = YES;
				SDKROOT = macosx;
			};
			name = Debug;
		};
		1A31C655140E679B006D9BAE /* Release */ = {
			isa = XCBuildConfiguration;
			buildSettings = {
				ALWAYS_SEARCH_USER_PATHS = NO;
				ARCHS = "$(ARCHS_STANDARD_64_BIT)";
				COPY_PHASE_STRIP = YES;
				DEBUG_INFORMATION_FORMAT = "dwarf-with-dsym";
				GCC_C_LANGUAGE_STANDARD = gnu99;
				GCC_ENABLE_OBJC_EXCEPTIONS = YES;
				GCC_VERSION = com.apple.compilers.llvm.clang.1_0;
				GCC_WARN_64_TO_32_BIT_CONVERSION = YES;
				GCC_WARN_ABOUT_MISSING_PROTOTYPES = YES;
				GCC_WARN_ABOUT_RETURN_TYPE = YES;
				GCC_WARN_UNUSED_VARIABLE = YES;
				MACOSX_DEPLOYMENT_TARGET = 10.7;
				SDKROOT = macosx;
			};
			name = Release;
		};
		1A31C657140E679B006D9BAE /* Debug */ = {
			isa = XCBuildConfiguration;
			buildSettings = {
				PRODUCT_NAME = "$(TARGET_NAME)";
			};
			name = Debug;
		};
		1A31C658140E679B006D9BAE /* Release */ = {
			isa = XCBuildConfiguration;
			buildSettings = {
				PRODUCT_NAME = "$(TARGET_NAME)";
			};
			name = Release;
		};
/* End XCBuildConfiguration section */

/* Begin XCConfigurationList section */
		1A31C646140E679B006D9BAE /* Build configuration list for PBXProject "ActivityServer" */ = {
			isa = XCConfigurationList;
			buildConfigurations = (
				1A31C654140E679B006D9BAE /* Debug */,
				1A31C655140E679B006D9BAE /* Release */,
			);
			defaultConfigurationIsVisible = 0;
			defaultConfigurationName = Release;
		};
		1A31C656140E679B006D9BAE /* Build configuration list for PBXNativeTarget "ActivityServer" */ = {
			isa = XCConfigurationList;
			buildConfigurations = (
				1A31C657140E679B006D9BAE /* Debug */,
				1A31C658140E679B006D9BAE /* Release */,
			);
			defaultConfigurationIsVisible = 0;
		};
/* End XCConfigurationList section */
	};
	rootObject = 1A31C643140E679B006D9BAE /* Project object */;
}
